# This file is automatically @generated by Cargo.
# It is not intended for manual editing.
[[package]]
name = "galaktec-digital-cpu-core"
version = "0.1.0"

[[package]]
name = "galaktec-digital-cpu-peripheral"
version = "0.1.0"
dependencies = [
 "galaktec-digital-cpu-core 0.1.0",
]

[[package]]
name = "galaktec-digital-cpu-riscv"
version = "0.1.0"

